
Microsoft Visual Studio Solution File, Format Version 12.00
# Visual Studio Version 17
VisualStudioVersion = 17.4.33213.308
MinimumVisualStudioVersion = 10.0.40219.1
Project("{9A19103F-16F7-4668-BE54-9A1E7A4F7556}") = "Test", "Test\Test.csproj", "{58298C5F-971B-4C89-8E1B-F54B65B3BC92}"
EndProject
Project("{9A19103F-16F7-4668-BE54-9A1E7A4F7556}") = "Web", "Web\Web.csproj", "{D7205738-938B-42EE-8FDD-770D57BEDD37}"
EndProject
Project("{FAE04EC0-301F-11D3-BF4B-00C04F79EFBC}") = "API", "API\API.csproj", "{733F83B1-57B4-40C6-907B-BD1E565EED24}"
EndProject
Global
	GlobalSection(SolutionConfigurationPlatforms) = preSolution
		Debug|Any CPU = Debug|Any CPU
		Release|Any CPU = Release|Any CPU
	EndGlobalSection
	GlobalSection(ProjectConfigurationPlatforms) = postSolution
		{58298C5F-971B-4C89-8E1B-F54B65B3BC92}.Debug|Any CPU.ActiveCfg = Debug|Any CPU
		{58298C5F-971B-4C89-8E1B-F54B65B3BC92}.Debug|Any CPU.Build.0 = Debug|Any CPU
		{58298C5F-971B-4C89-8E1B-F54B65B3BC92}.Release|Any CPU.ActiveCfg = Release|Any CPU
		{58298C5F-971B-4C89-8E1B-F54B65B3BC92}.Release|Any CPU.Build.0 = Release|Any CPU
		{D7205738-938B-42EE-8FDD-770D57BEDD37}.Debug|Any CPU.ActiveCfg = Debug|Any CPU
		{D7205738-938B-42EE-8FDD-770D57BEDD37}.Debug|Any CPU.Build.0 = Debug|Any CPU
		{D7205738-938B-42EE-8FDD-770D57BEDD37}.Release|Any CPU.ActiveCfg = Release|Any CPU
		{D7205738-938B-42EE-8FDD-770D57BEDD37}.Release|Any CPU.Build.0 = Release|Any CPU
		{733F83B1-57B4-40C6-907B-BD1E565EED24}.Debug|Any CPU.ActiveCfg = Debug|Any CPU
		{733F83B1-57B4-40C6-907B-BD1E565EED24}.Debug|Any CPU.Build.0 = Debug|Any CPU
		{733F83B1-57B4-40C6-907B-BD1E565EED24}.Release|Any CPU.ActiveCfg = Release|Any CPU
		{733F83B1-57B4-40C6-907B-BD1E565EED24}.Release|Any CPU.Build.0 = Release|Any CPU
	EndGlobalSection
	GlobalSection(SolutionProperties) = preSolution
		HideSolutionNode = FALSE
	EndGlobalSection
	GlobalSection(ExtensibilityGlobals) = postSolution
		SolutionGuid = {D5A36B6B-2AB2-424F-9F0B-69CF6D821009}
	EndGlobalSection
EndGlobal
